
Microsoft Visual Studio Solution File, Format Version 12.00
Project("{FAE04EC0-301F-11D3-BF4B-00C04F79EFBC}") = "PMS", "PMS\PMS.csproj", "{EFFAC67F-181F-4572-8465-807053208703}"
EndProject
Global
	GlobalSection(SolutionConfigurationPlatforms) = preSolution
		Debug|Any CPU = Debug|Any CPU
		Release|Any CPU = Release|Any CPU
	EndGlobalSection
	GlobalSection(ProjectConfigurationPlatforms) = postSolution
		{EFFAC67F-181F-4572-8465-807053208703}.Debug|Any CPU.ActiveCfg = Debug|Any CPU
		{EFFAC67F-181F-4572-8465-807053208703}.Debug|Any CPU.Build.0 = Debug|Any CPU
		{EFFAC67F-181F-4572-8465-807053208703}.Release|Any CPU.ActiveCfg = Release|Any CPU
		{EFFAC67F-181F-4572-8465-807053208703}.Release|Any CPU.Build.0 = Release|Any CPU
	EndGlobalSection
EndGlobal
